
Microsoft Visual Studio Solution File, Format Version 12.00
# Visual Studio Version 16
VisualStudioVersion = 16.0.32228.343
MinimumVisualStudioVersion = 10.0.40219.1
Project("{9A19103F-16F7-4668-BE54-9A1E7A4F7556}") = "DepreciationDBApp.Forms", "DepreciationDBApp\DepreciationDBApp.Forms.csproj", "{8E5ABFA6-53DE-44A2-B1F2-189C60E2036F}"
EndProject
Project("{9A19103F-16F7-4668-BE54-9A1E7A4F7556}") = "DepreciationDBApp.Domain", "DepreciationDBApp.Domain\DepreciationDBApp.Domain.csproj", "{39535E8D-6856-4E5F-B152-1A055C90F1FD}"
EndProject
Project("{9A19103F-16F7-4668-BE54-9A1E7A4F7556}") = "DepreciationDBApp.Infrastructure", "DepreciationDBApp.Infrastructure\DepreciationDBApp.Infrastructure.csproj", "{A903103A-FE0A-42EF-86D5-5BFB310229B3}"
EndProject
Project("{FAE04EC0-301F-11D3-BF4B-00C04F79EFBC}") = "DepreciationDBApp.Applications", "DepreciationDBApp.Applications\DepreciationDBApp.Applications.csproj", "{B3F5BCAD-E653-4653-AB69-2BD57051900E}"
EndProject
Global
	GlobalSection(SolutionConfigurationPlatforms) = preSolution
		Debug|Any CPU = Debug|Any CPU
		Release|Any CPU = Release|Any CPU
	EndGlobalSection
	GlobalSection(ProjectConfigurationPlatforms) = postSolution
		{8E5ABFA6-53DE-44A2-B1F2-189C60E2036F}.Debug|Any CPU.ActiveCfg = Debug|Any CPU
		{8E5ABFA6-53DE-44A2-B1F2-189C60E2036F}.Debug|Any CPU.Build.0 = Debug|Any CPU
		{8E5ABFA6-53DE-44A2-B1F2-189C60E2036F}.Release|Any CPU.ActiveCfg = Release|Any CPU
		{8E5ABFA6-53DE-44A2-B1F2-189C60E2036F}.Release|Any CPU.Build.0 = Release|Any CPU
		{39535E8D-6856-4E5F-B152-1A055C90F1FD}.Debug|Any CPU.ActiveCfg = Debug|Any CPU
		{39535E8D-6856-4E5F-B152-1A055C90F1FD}.Debug|Any CPU.Build.0 = Debug|Any CPU
		{39535E8D-6856-4E5F-B152-1A055C90F1FD}.Release|Any CPU.ActiveCfg = Release|Any CPU
		{39535E8D-6856-4E5F-B152-1A055C90F1FD}.Release|Any CPU.Build.0 = Release|Any CPU
		{A903103A-FE0A-42EF-86D5-5BFB310229B3}.Debug|Any CPU.ActiveCfg = Debug|Any CPU
		{A903103A-FE0A-42EF-86D5-5BFB310229B3}.Debug|Any CPU.Build.0 = Debug|Any CPU
		{A903103A-FE0A-42EF-86D5-5BFB310229B3}.Release|Any CPU.ActiveCfg = Release|Any CPU
		{A903103A-FE0A-42EF-86D5-5BFB310229B3}.Release|Any CPU.Build.0 = Release|Any CPU
		{B3F5BCAD-E653-4653-AB69-2BD57051900E}.Debug|Any CPU.ActiveCfg = Debug|Any CPU
		{B3F5BCAD-E653-4653-AB69-2BD57051900E}.Debug|Any CPU.Build.0 = Debug|Any CPU
		{B3F5BCAD-E653-4653-AB69-2BD57051900E}.Release|Any CPU.ActiveCfg = Release|Any CPU
		{B3F5BCAD-E653-4653-AB69-2BD57051900E}.Release|Any CPU.Build.0 = Release|Any CPU
	EndGlobalSection
	GlobalSection(SolutionProperties) = preSolution
		HideSolutionNode = FALSE
	EndGlobalSection
	GlobalSection(ExtensibilityGlobals) = postSolution
		SolutionGuid = {AFDD9A5F-ADA6-47B1-8D21-321B3E419B56}
	EndGlobalSection
EndGlobal
